{
  "name": "www",
  "version": "1.0.0",
  "lockfileVersion": 1,
  "requires": true,
  "dependencies": {
    "ajax": {
      "version": "0.0.4",
      "resolved": "https://registry.npmjs.org/ajax/-/ajax-0.0.4.tgz",
      "integrity": "sha1-tvTOi9WQ9fS6Lc/eEd54nyCfJCM=",
      "requires": {
        "underscore": "^1.10.2"
      }
    },
    "autosize": {
      "version": "3.0.21",
      "resolved": "https://registry.npmjs.org/autosize/-/autosize-3.0.21.tgz",
      "integrity": "sha1-8YL0DRd1fZeKE5pMnKQMTA5EhgM="
    },
    "deepmerge": {
      "version": "2.2.1",
      "resolved": "https://registry.npmjs.org/deepmerge/-/deepmerge-2.2.1.tgz",
      "integrity": "sha512-R9hc1Xa/NOBi9WRVUWg19rl1UB7Tt4kuPd+thNJgFZoxXsTz7ncaPaeIm+40oSGuP33DfMb4sZt1QIGiJzC4EA=="
    },
    "fuzzysearch": {
      "version": "1.0.3",
      "resolved": "https://registry.npmjs.org/fuzzysearch/-/fuzzysearch-1.0.3.tgz",
      "integrity": "sha1-3/yA9tawQiPyImqnndGUIxCW0Ag="
    },
    "keen-ui": {
      "version": "1.3.0",
      "resolved": "https://registry.npmjs.org/keen-ui/-/keen-ui-1.3.0.tgz",
      "integrity": "sha512-eb7rShNfLjk7pGnSXoFKZUWlFbiXLUVWYEHa8ghf3ZEUQNYl2n23qvoJwQaqcFiCCNQHjxhTeo+8IoOWLPG2Ow==",
      "requires": {
        "autosize": "^3.0.20",
        "deepmerge": "^2.0.1",
        "fuzzysearch": "^1.0.3",
        "lodash.debounce": "^4.0.8",
        "tippy.js": "^4.2.1"
      }
    },
    "lodash.debounce": {
      "version": "4.0.8",
      "resolved": "https://registry.npmjs.org/lodash.debounce/-/lodash.debounce-4.0.8.tgz",
      "integrity": "sha1-gteb/zCmfEAF/9XiUVMArZyk168="
    },
    "popper.js": {
      "version": "1.16.1",
      "resolved": "https://registry.npmjs.org/popper.js/-/popper.js-1.16.1.tgz",
      "integrity": "sha512-Wb4p1J4zyFTbM+u6WuO4XstYx4Ky9Cewe4DWrel7B0w6VVICvPwdOpotjzcf6eD8TsckVnIMNONQyPIUFOUbCQ=="
    },
    "tippy.js": {
      "version": "4.3.5",
      "resolved": "https://registry.npmjs.org/tippy.js/-/tippy.js-4.3.5.tgz",
      "integrity": "sha512-NDq3efte8nGK6BOJ1dDN1/WelAwfmh3UtIYXXck6+SxLzbIQNZE/cmRSnwScZ/FyiKdIcvFHvYUgqmoGx8CcyA==",
      "requires": {
        "popper.js": "^1.14.7"
      }
    },
    "underscore": {
      "version": "1.13.1",
      "resolved": "https://registry.npmjs.org/underscore/-/underscore-1.13.1.tgz",
      "integrity": "sha512-hzSoAVtJF+3ZtiFX0VgfFPHEDRm7Y/QPjGyNo4TVdnDTdft3tr8hEkD25a1jC+TjTuE7tkHGKkhwCgs9dgBB2g=="
    },
    "vue": {
      "version": "2.6.11",
      "resolved": "https://registry.npmjs.org/vue/-/vue-2.6.11.tgz",
      "integrity": "sha512-VfPwgcGABbGAue9+sfrD4PuwFar7gPb1yl1UK1MwXoQPAw0BKSqWfoYCT/ThFrdEVWoI51dBuyCoiNU9bZDZxQ=="
    }
  }
}
